// !$*UTF8*$!
{
	archiveVersion = 1;
	classes = {
	};
	objectVersion = 55;
	objects = {

/* Begin PBXBuildFile section */
		E12A69E0274CF8690026D5AA /* AppDelegate.swift in Sources */ = {isa = PBXBuildFile; fileRef = E12A69DF274CF8690026D5AA /* AppDelegate.swift */; };
		E12A69E4274CF8690026D5AA /* Main.html in Resources */ = {isa = PBXBuildFile; fileRef = E12A69E2274CF8690026D5AA /* Main.html */; };
		E12A69E6274CF8690026D5AA /* Icon.png in Resources */ = {isa = PBXBuildFile; fileRef = E12A69E5274CF8690026D5AA /* Icon.png */; };
		E12A69E8274CF8690026D5AA /* Style.css in Resources */ = {isa = PBXBuildFile; fileRef = E12A69E7274CF8690026D5AA /* Style.css */; };
		E12A69EA274CF8690026D5AA /* SceneDelegate.swift in Sources */ = {isa = PBXBuildFile; fileRef = E12A69E9274CF8690026D5AA /* SceneDelegate.swift */; };
		E12A69EC274CF8690026D5AA /* ViewController.swift in Sources */ = {isa = PBXBuildFile; fileRef = E12A69EB274CF8690026D5AA /* ViewController.swift */; };
		E12A69EF274CF8690026D5AA /* LaunchScreen.storyboard in Resources */ = {isa = PBXBuildFile; fileRef = E12A69ED274CF8690026D5AA /* LaunchScreen.storyboard */; };
		E12A69F2274CF8690026D5AA /* Main.storyboard in Resources */ = {isa = PBXBuildFile; fileRef = E12A69F0274CF8690026D5AA /* Main.storyboard */; };
		E12A69FE274CF86C0026D5AA /* HelloZhiHuTests.swift in Sources */ = {isa = PBXBuildFile; fileRef = E12A69FD274CF86C0026D5AA /* HelloZhiHuTests.swift */; };
		E12A6A08274CF86C0026D5AA /* HelloZhiHuUITests.swift in Sources */ = {isa = PBXBuildFile; fileRef = E12A6A07274CF86C0026D5AA /* HelloZhiHuUITests.swift */; };
		E12A6A0A274CF86C0026D5AA /* HelloZhiHuUITestsLaunchTests.swift in Sources */ = {isa = PBXBuildFile; fileRef = E12A6A09274CF86C0026D5AA /* HelloZhiHuUITestsLaunchTests.swift */; };
		E12A6A10274CF86C0026D5AA /* HelloZhiHu Extension.appex in Embed App Extensions */ = {isa = PBXBuildFile; fileRef = E12A6A0F274CF86C0026D5AA /* HelloZhiHu Extension.appex */; settings = {ATTRIBUTES = (RemoveHeadersOnCopy, ); }; };
		E12A6A15274CF86C0026D5AA /* SafariWebExtensionHandler.swift in Sources */ = {isa = PBXBuildFile; fileRef = E12A6A14274CF86C0026D5AA /* SafariWebExtensionHandler.swift */; };
		E12A6A18274CF86C0026D5AA /* _locales in Resources */ = {isa = PBXBuildFile; fileRef = E12A6A17274CF86C0026D5AA /* _locales */; };
		E12A6A1A274CF86C0026D5AA /* images in Resources */ = {isa = PBXBuildFile; fileRef = E12A6A19274CF86C0026D5AA /* images */; };
		E12A6A1C274CF86C0026D5AA /* manifest.json in Resources */ = {isa = PBXBuildFile; fileRef = E12A6A1B274CF86C0026D5AA /* manifest.json */; };
		E12A6A28274CF86C0026D5AA /* Assets.xcassets in Resources */ = {isa = PBXBuildFile; fileRef = E12A69F3274CF86C0026D5AA /* Assets.xcassets */; };
		E12A6A3D274D086F0026D5AA /* homepage.js in Resources */ = {isa = PBXBuildFile; fileRef = E12A6A39274D086F0026D5AA /* homepage.js */; };
		E12A6A3E274D086F0026D5AA /* question.js in Resources */ = {isa = PBXBuildFile; fileRef = E12A6A3A274D086F0026D5AA /* question.js */; };
		E12A6A3F274D086F0026D5AA /* global.js in Resources */ = {isa = PBXBuildFile; fileRef = E12A6A3B274D086F0026D5AA /* global.js */; };
		E12A6A41274D11630026D5AA /* search.js in Resources */ = {isa = PBXBuildFile; fileRef = E12A6A40274D11630026D5AA /* search.js */; };
/* End PBXBuildFile section */

/* Begin PBXContainerItemProxy section */
		E12A69FA274CF86C0026D5AA /* PBXContainerItemProxy */ = {
			isa = PBXContainerItemProxy;
			containerPortal = E12A69D4274CF8690026D5AA /* Project object */;
			proxyType = 1;
			remoteGlobalIDString = E12A69DB274CF8690026D5AA;
			remoteInfo = HelloZhiHu;
		};
		E12A6A04274CF86C0026D5AA /* PBXContainerItemProxy */ = {
			isa = PBXContainerItemProxy;
			containerPortal = E12A69D4274CF8690026D5AA /* Project object */;
			proxyType = 1;
			remoteGlobalIDString = E12A69DB274CF8690026D5AA;
			remoteInfo = HelloZhiHu;
		};
		E12A6A11274CF86C0026D5AA /* PBXContainerItemProxy */ = {
			isa = PBXContainerItemProxy;
			containerPortal = E12A69D4274CF8690026D5AA /* Project object */;
			proxyType = 1;
			remoteGlobalIDString = E12A6A0E274CF86C0026D5AA;
			remoteInfo = "HelloZhiHu Extension";
		};
/* End PBXContainerItemProxy section */

/* Begin PBXCopyFilesBuildPhase section */
		E12A6A2E274CF86C0026D5AA /* Embed App Extensions */ = {
			isa = PBXCopyFilesBuildPhase;
			buildActionMask = 2147483647;
			dstPath = "";
			dstSubfolderSpec = 13;
			files = (
				E12A6A10274CF86C0026D5AA /* HelloZhiHu Extension.appex in Embed App Extensions */,
			);
			name = "Embed App Extensions";
			runOnlyForDeploymentPostprocessing = 0;
		};
/* End PBXCopyFilesBuildPhase section */

/* Begin PBXFileReference section */
		E12A69DC274CF8690026D5AA /* HelloZhiHu.app */ = {isa = PBXFileReference; explicitFileType = wrapper.application; includeInIndex = 0; path = HelloZhiHu.app; sourceTree = BUILT_PRODUCTS_DIR; };
		E12A69DF274CF8690026D5AA /* AppDelegate.swift */ = {isa = PBXFileReference; lastKnownFileType = sourcecode.swift; path = AppDelegate.swift; sourceTree = "<group>"; };
		E12A69E3274CF8690026D5AA /* Base */ = {isa = PBXFileReference; lastKnownFileType = text.html; name = Base; path = ../Base.lproj/Main.html; sourceTree = "<group>"; };
		E12A69E5274CF8690026D5AA /* Icon.png */ = {isa = PBXFileReference; lastKnownFileType = image.png; path = Icon.png; sourceTree = "<group>"; };
		E12A69E7274CF8690026D5AA /* Style.css */ = {isa = PBXFileReference; lastKnownFileType = text.css; path = Style.css; sourceTree = "<group>"; };
		E12A69E9274CF8690026D5AA /* SceneDelegate.swift */ = {isa = PBXFileReference; lastKnownFileType = sourcecode.swift; path = SceneDelegate.swift; sourceTree = "<group>"; };
		E12A69EB274CF8690026D5AA /* ViewController.swift */ = {isa = PBXFileReference; lastKnownFileType = sourcecode.swift; path = ViewController.swift; sourceTree = "<group>"; };
		E12A69EE274CF8690026D5AA /* Base */ = {isa = PBXFileReference; lastKnownFileType = file.storyboard; name = Base; path = Base.lproj/LaunchScreen.storyboard; sourceTree = "<group>"; };
		E12A69F1274CF8690026D5AA /* Base */ = {isa = PBXFileReference; lastKnownFileType = file.storyboard; name = Base; path = Base.lproj/Main.storyboard; sourceTree = "<group>"; };
		E12A69F3274CF86C0026D5AA /* Assets.xcassets */ = {isa = PBXFileReference; lastKnownFileType = folder.assetcatalog; path = Assets.xcassets; sourceTree = "<group>"; };
		E12A69F4274CF86C0026D5AA /* Info.plist */ = {isa = PBXFileReference; lastKnownFileType = text.plist.xml; path = Info.plist; sourceTree = "<group>"; };
		E12A69F9274CF86C0026D5AA /* HelloZhiHuTests.xctest */ = {isa = PBXFileReference; explicitFileType = wrapper.cfbundle; includeInIndex = 0; path = HelloZhiHuTests.xctest; sourceTree = BUILT_PRODUCTS_DIR; };
		E12A69FD274CF86C0026D5AA /* HelloZhiHuTests.swift */ = {isa = PBXFileReference; lastKnownFileType = sourcecode.swift; path = HelloZhiHuTests.swift; sourceTree = "<group>"; };
		E12A6A03274CF86C0026D5AA /* HelloZhiHuUITests.xctest */ = {isa = PBXFileReference; explicitFileType = wrapper.cfbundle; includeInIndex = 0; path = HelloZhiHuUITests.xctest; sourceTree = BUILT_PRODUCTS_DIR; };
		E12A6A07274CF86C0026D5AA /* HelloZhiHuUITests.swift */ = {isa = PBXFileReference; lastKnownFileType = sourcecode.swift; path = HelloZhiHuUITests.swift; sourceTree = "<group>"; };
		E12A6A09274CF86C0026D5AA /* HelloZhiHuUITestsLaunchTests.swift */ = {isa = PBXFileReference; lastKnownFileType = sourcecode.swift; path = HelloZhiHuUITestsLaunchTests.swift; sourceTree = "<group>"; };
		E12A6A0F274CF86C0026D5AA /* HelloZhiHu Extension.appex */ = {isa = PBXFileReference; explicitFileType = "wrapper.app-extension"; includeInIndex = 0; path = "HelloZhiHu Extension.appex"; sourceTree = BUILT_PRODUCTS_DIR; };
		E12A6A14274CF86C0026D5AA /* SafariWebExtensionHandler.swift */ = {isa = PBXFileReference; lastKnownFileType = sourcecode.swift; path = SafariWebExtensionHandler.swift; sourceTree = "<group>"; };
		E12A6A17274CF86C0026D5AA /* _locales */ = {isa = PBXFileReference; lastKnownFileType = folder; path = _locales; sourceTree = "<group>"; };
		E12A6A19274CF86C0026D5AA /* images */ = {isa = PBXFileReference; lastKnownFileType = folder; path = images; sourceTree = "<group>"; };
		E12A6A1B274CF86C0026D5AA /* manifest.json */ = {isa = PBXFileReference; lastKnownFileType = text.json; path = manifest.json; sourceTree = "<group>"; };
		E12A6A27274CF86C0026D5AA /* Info.plist */ = {isa = PBXFileReference; lastKnownFileType = text.plist.xml; path = Info.plist; sourceTree = "<group>"; };
		E12A6A39274D086F0026D5AA /* homepage.js */ = {isa = PBXFileReference; fileEncoding = 4; lastKnownFileType = sourcecode.javascript; path = homepage.js; sourceTree = "<group>"; };
		E12A6A3A274D086F0026D5AA /* question.js */ = {isa = PBXFileReference; fileEncoding = 4; lastKnownFileType = sourcecode.javascript; path = question.js; sourceTree = "<group>"; };
		E12A6A3B274D086F0026D5AA /* global.js */ = {isa = PBXFileReference; fileEncoding = 4; lastKnownFileType = sourcecode.javascript; path = global.js; sourceTree = "<group>"; };
		E12A6A40274D11630026D5AA /* search.js */ = {isa = PBXFileReference; fileEncoding = 4; lastKnownFileType = sourcecode.javascript; path = search.js; sourceTree = "<group>"; };
/* End PBXFileReference section */

/* Begin PBXFrameworksBuildPhase section */
		E12A69D9274CF8690026D5AA /* Frameworks */ = {
			isa = PBXFrameworksBuildPhase;
			buildActionMask = 2147483647;
			files = (
			);
			runOnlyForDeploymentPostprocessing = 0;
		};
		E12A69F6274CF86C0026D5AA /* Frameworks */ = {
			isa = PBXFrameworksBuildPhase;
			buildActionMask = 2147483647;
			files = (
			);
			runOnlyForDeploymentPostprocessing = 0;
		};
		E12A6A00274CF86C0026D5AA /* Frameworks */ = {
			isa = PBXFrameworksBuildPhase;
			buildActionMask = 2147483647;
			files = (
			);
			runOnlyForDeploymentPostprocessing = 0;
		};
		E12A6A0C274CF86C0026D5AA /* Frameworks */ = {
			isa = PBXFrameworksBuildPhase;
			buildActionMask = 2147483647;
			files = (
			);
			runOnlyForDeploymentPostprocessing = 0;
		};
/* End PBXFrameworksBuildPhase section */

/* Begin PBXGroup section */
		E12A69D3274CF8690026D5AA = {
			isa = PBXGroup;
			children = (
				E12A69DE274CF8690026D5AA /* HelloZhiHu */,
				E12A69FC274CF86C0026D5AA /* HelloZhiHuTests */,
				E12A6A06274CF86C0026D5AA /* HelloZhiHuUITests */,
				E12A6A13274CF86C0026D5AA /* HelloZhiHu Extension */,
				E12A69DD274CF8690026D5AA /* Products */,
			);
			sourceTree = "<group>";
		};
		E12A69DD274CF8690026D5AA /* Products */ = {
			isa = PBXGroup;
			children = (
				E12A69DC274CF8690026D5AA /* HelloZhiHu.app */,
				E12A69F9274CF86C0026D5AA /* HelloZhiHuTests.xctest */,
				E12A6A03274CF86C0026D5AA /* HelloZhiHuUITests.xctest */,
				E12A6A0F274CF86C0026D5AA /* HelloZhiHu Extension.appex */,
			);
			name = Products;
			sourceTree = "<group>";
		};
		E12A69DE274CF8690026D5AA /* HelloZhiHu */ = {
			isa = PBXGroup;
			children = (
				E12A69DF274CF8690026D5AA /* AppDelegate.swift */,
				E12A69E9274CF8690026D5AA /* SceneDelegate.swift */,
				E12A69EB274CF8690026D5AA /* ViewController.swift */,
				E12A69ED274CF8690026D5AA /* LaunchScreen.storyboard */,
				E12A69F0274CF8690026D5AA /* Main.storyboard */,
				E12A69F3274CF86C0026D5AA /* Assets.xcassets */,
				E12A69F4274CF86C0026D5AA /* Info.plist */,
				E12A69E1274CF8690026D5AA /* Resources */,
			);
			path = HelloZhiHu;
			sourceTree = "<group>";
		};
		E12A69E1274CF8690026D5AA /* Resources */ = {
			isa = PBXGroup;
			children = (
				E12A69E2274CF8690026D5AA /* Main.html */,
				E12A69E5274CF8690026D5AA /* Icon.png */,
				E12A69E7274CF8690026D5AA /* Style.css */,
			);
			path = Resources;
			sourceTree = "<group>";
		};
		E12A69FC274CF86C0026D5AA /* HelloZhiHuTests */ = {
			isa = PBXGroup;
			children = (
				E12A69FD274CF86C0026D5AA /* HelloZhiHuTests.swift */,
			);
			path = HelloZhiHuTests;
			sourceTree = "<group>";
		};
		E12A6A06274CF86C0026D5AA /* HelloZhiHuUITests */ = {
			isa = PBXGroup;
			children = (
				E12A6A07274CF86C0026D5AA /* HelloZhiHuUITests.swift */,
				E12A6A09274CF86C0026D5AA /* HelloZhiHuUITestsLaunchTests.swift */,
			);
			path = HelloZhiHuUITests;
			sourceTree = "<group>";
		};
		E12A6A13274CF86C0026D5AA /* HelloZhiHu Extension */ = {
			isa = PBXGroup;
			children = (
				E12A6A14274CF86C0026D5AA /* SafariWebExtensionHandler.swift */,
				E12A6A27274CF86C0026D5AA /* Info.plist */,
				E12A6A16274CF86C0026D5AA /* Resources */,
			);
			path = "HelloZhiHu Extension";
			sourceTree = "<group>";
		};
		E12A6A16274CF86C0026D5AA /* Resources */ = {
			isa = PBXGroup;
			children = (
				E12A6A40274D11630026D5AA /* search.js */,
				E12A6A3B274D086F0026D5AA /* global.js */,
				E12A6A39274D086F0026D5AA /* homepage.js */,
				E12A6A3A274D086F0026D5AA /* question.js */,
				E12A6A17274CF86C0026D5AA /* _locales */,
				E12A6A19274CF86C0026D5AA /* images */,
				E12A6A1B274CF86C0026D5AA /* manifest.json */,
			);
			path = Resources;
			sourceTree = "<group>";
		};
/* End PBXGroup section */

/* Begin PBXNativeTarget section */
		E12A69DB274CF8690026D5AA /* HelloZhiHu */ = {
			isa = PBXNativeTarget;
			buildConfigurationList = E12A6A2F274CF86C0026D5AA /* Build configuration list for PBXNativeTarget "HelloZhiHu" */;
			buildPhases = (
				E12A69D8274CF8690026D5AA /* Sources */,
				E12A69D9274CF8690026D5AA /* Frameworks */,
				E12A69DA274CF8690026D5AA /* Resources */,
				E12A6A2E274CF86C0026D5AA /* Embed App Extensions */,
			);
			buildRules = (
			);
			dependencies = (
				E12A6A12274CF86C0026D5AA /* PBXTargetDependency */,
			);
			name = HelloZhiHu;
			productName = HelloZhiHu;
			productReference = E12A69DC274CF8690026D5AA /* HelloZhiHu.app */;
			productType = "com.apple.product-type.application";
		};
		E12A69F8274CF86C0026D5AA /* HelloZhiHuTests */ = {
			isa = PBXNativeTarget;
			buildConfigurationList = E12A6A32274CF86C0026D5AA /* Build configuration list for PBXNativeTarget "HelloZhiHuTests" */;
			buildPhases = (
				E12A69F5274CF86C0026D5AA /* Sources */,
				E12A69F6274CF86C0026D5AA /* Frameworks */,
				E12A69F7274CF86C0026D5AA /* Resources */,
			);
			buildRules = (
			);
			dependencies = (
				E12A69FB274CF86C0026D5AA /* PBXTargetDependency */,
			);
			name = HelloZhiHuTests;
			productName = HelloZhiHuTests;
			productReference = E12A69F9274CF86C0026D5AA /* HelloZhiHuTests.xctest */;
			productType = "com.apple.product-type.bundle.unit-test";
		};
		E12A6A02274CF86C0026D5AA /* HelloZhiHuUITests */ = {
			isa = PBXNativeTarget;
			buildConfigurationList = E12A6A35274CF86C0026D5AA /* Build configuration list for PBXNativeTarget "HelloZhiHuUITests" */;
			buildPhases = (
				E12A69FF274CF86C0026D5AA /* Sources */,
				E12A6A00274CF86C0026D5AA /* Frameworks */,
				E12A6A01274CF86C0026D5AA /* Resources */,
			);
			buildRules = (
			);
			dependencies = (
				E12A6A05274CF86C0026D5AA /* PBXTargetDependency */,
			);
			name = HelloZhiHuUITests;
			productName = HelloZhiHuUITests;
			productReference = E12A6A03274CF86C0026D5AA /* HelloZhiHuUITests.xctest */;
			productType = "com.apple.product-type.bundle.ui-testing";
		};
		E12A6A0E274CF86C0026D5AA /* HelloZhiHu Extension */ = {
			isa = PBXNativeTarget;
			buildConfigurationList = E12A6A2B274CF86C0026D5AA /* Build configuration list for PBXNativeTarget "HelloZhiHu Extension" */;
			buildPhases = (
				E12A6A0B274CF86C0026D5AA /* Sources */,
				E12A6A0C274CF86C0026D5AA /* Frameworks */,
				E12A6A0D274CF86C0026D5AA /* Resources */,
			);
			buildRules = (
			);
			dependencies = (
			);
			name = "HelloZhiHu Extension";
			productName = "HelloZhiHu Extension";
			productReference = E12A6A0F274CF86C0026D5AA /* HelloZhiHu Extension.appex */;
			productType = "com.apple.product-type.app-extension";
		};
/* End PBXNativeTarget section */

/* Begin PBXProject section */
		E12A69D4274CF8690026D5AA /* Project object */ = {
			isa = PBXProject;
			attributes = {
				BuildIndependentTargetsInParallel = 1;
				LastSwiftUpdateCheck = 1310;
				LastUpgradeCheck = 1310;
				TargetAttributes = {
					E12A69DB274CF8690026D5AA = {
						CreatedOnToolsVersion = 13.1;
					};
					E12A69F8274CF86C0026D5AA = {
						CreatedOnToolsVersion = 13.1;
						TestTargetID = E12A69DB274CF8690026D5AA;
					};
					E12A6A02274CF86C0026D5AA = {
						CreatedOnToolsVersion = 13.1;
						TestTargetID = E12A69DB274CF8690026D5AA;
					};
					E12A6A0E274CF86C0026D5AA = {
						CreatedOnToolsVersion = 13.1;
					};
				};
			};
			buildConfigurationList = E12A69D7274CF8690026D5AA /* Build configuration list for PBXProject "HelloZhiHu" */;
			compatibilityVersion = "Xcode 13.0";
			developmentRegion = en;
			hasScannedForEncodings = 0;
			knownRegions = (
				en,
				Base,
			);
			mainGroup = E12A69D3274CF8690026D5AA;
			productRefGroup = E12A69DD274CF8690026D5AA /* Products */;
			projectDirPath = "";
			projectRoot = "";
			targets = (
				E12A69DB274CF8690026D5AA /* HelloZhiHu */,
				E12A69F8274CF86C0026D5AA /* HelloZhiHuTests */,
				E12A6A02274CF86C0026D5AA /* HelloZhiHuUITests */,
				E12A6A0E274CF86C0026D5AA /* HelloZhiHu Extension */,
			);
		};
/* End PBXProject section */

/* Begin PBXResourcesBuildPhase section */
		E12A69DA274CF8690026D5AA /* Resources */ = {
			isa = PBXResourcesBuildPhase;
			buildActionMask = 2147483647;
			files = (
				E12A69E6274CF8690026D5AA /* Icon.png in Resources */,
				E12A69F2274CF8690026D5AA /* Main.storyboard in Resources */,
				E12A69EF274CF8690026D5AA /* LaunchScreen.storyboard in Resources */,
				E12A69E4274CF8690026D5AA /* Main.html in Resources */,
				E12A6A28274CF86C0026D5AA /* Assets.xcassets in Resources */,
				E12A69E8274CF8690026D5AA /* Style.css in Resources */,
			);
			runOnlyForDeploymentPostprocessing = 0;
		};
		E12A69F7274CF86C0026D5AA /* Resources */ = {
			isa = PBXResourcesBuildPhase;
			buildActionMask = 2147483647;
			files = (
			);
			runOnlyForDeploymentPostprocessing = 0;
		};
		E12A6A01274CF86C0026D5AA /* Resources */ = {
			isa = PBXResourcesBuildPhase;
			buildActionMask = 2147483647;
			files = (
			);
			runOnlyForDeploymentPostprocessing = 0;
		};
		E12A6A0D274CF86C0026D5AA /* Resources */ = {
			isa = PBXResourcesBuildPhase;
			buildActionMask = 2147483647;
			files = (
				E12A6A3F274D086F0026D5AA /* global.js in Resources */,
				E12A6A41274D11630026D5AA /* search.js in Resources */,
				E12A6A1A274CF86C0026D5AA /* images in Resources */,
				E12A6A3D274D086F0026D5AA /* homepage.js in Resources */,
				E12A6A1C274CF86C0026D5AA /* manifest.json in Resources */,
				E12A6A3E274D086F0026D5AA /* question.js in Resources */,
				E12A6A18274CF86C0026D5AA /* _locales in Resources */,
			);
			runOnlyForDeploymentPostprocessing = 0;
		};
/* End PBXResourcesBuildPhase section */

/* Begin PBXSourcesBuildPhase section */
		E12A69D8274CF8690026D5AA /* Sources */ = {
			isa = PBXSourcesBuildPhase;
			buildActionMask = 2147483647;
			files = (
				E12A69EC274CF8690026D5AA /* ViewController.swift in Sources */,
				E12A69E0274CF8690026D5AA /* AppDelegate.swift in Sources */,
				E12A69EA274CF8690026D5AA /* SceneDelegate.swift in Sources */,
			);
			runOnlyForDeploymentPostprocessing = 0;
		};
		E12A69F5274CF86C0026D5AA /* Sources */ = {
			isa = PBXSourcesBuildPhase;
			buildActionMask = 2147483647;
			files = (
				E12A69FE274CF86C0026D5AA /* HelloZhiHuTests.swift in Sources */,
			);
			runOnlyForDeploymentPostprocessing = 0;
		};
		E12A69FF274CF86C0026D5AA /* Sources */ = {
			isa = PBXSourcesBuildPhase;
			buildActionMask = 2147483647;
			files = (
				E12A6A0A274CF86C0026D5AA /* HelloZhiHuUITestsLaunchTests.swift in Sources */,
				E12A6A08274CF86C0026D5AA /* HelloZhiHuUITests.swift in Sources */,
			);
			runOnlyForDeploymentPostprocessing = 0;
		};
		E12A6A0B274CF86C0026D5AA /* Sources */ = {
			isa = PBXSourcesBuildPhase;
			buildActionMask = 2147483647;
			files = (
				E12A6A15274CF86C0026D5AA /* SafariWebExtensionHandler.swift in Sources */,
			);
			runOnlyForDeploymentPostprocessing = 0;
		};
/* End PBXSourcesBuildPhase section */

/* Begin PBXTargetDependency section */
		E12A69FB274CF86C0026D5AA /* PBXTargetDependency */ = {
			isa = PBXTargetDependency;
			target = E12A69DB274CF8690026D5AA /* HelloZhiHu */;
			targetProxy = E12A69FA274CF86C0026D5AA /* PBXContainerItemProxy */;
		};
		E12A6A05274CF86C0026D5AA /* PBXTargetDependency */ = {
			isa = PBXTargetDependency;
			target = E12A69DB274CF8690026D5AA /* HelloZhiHu */;
			targetProxy = E12A6A04274CF86C0026D5AA /* PBXContainerItemProxy */;
		};
		E12A6A12274CF86C0026D5AA /* PBXTargetDependency */ = {
			isa = PBXTargetDependency;
			target = E12A6A0E274CF86C0026D5AA /* HelloZhiHu Extension */;
			targetProxy = E12A6A11274CF86C0026D5AA /* PBXContainerItemProxy */;
		};
/* End PBXTargetDependency section */

/* Begin PBXVariantGroup section */
		E12A69E2274CF8690026D5AA /* Main.html */ = {
			isa = PBXVariantGroup;
			children = (
				E12A69E3274CF8690026D5AA /* Base */,
			);
			name = Main.html;
			sourceTree = "<group>";
		};
		E12A69ED274CF8690026D5AA /* LaunchScreen.storyboard */ = {
			isa = PBXVariantGroup;
			children = (
				E12A69EE274CF8690026D5AA /* Base */,
			);
			name = LaunchScreen.storyboard;
			sourceTree = "<group>";
		};
		E12A69F0274CF8690026D5AA /* Main.storyboard */ = {
			isa = PBXVariantGroup;
			children = (
				E12A69F1274CF8690026D5AA /* Base */,
			);
			name = Main.storyboard;
			sourceTree = "<group>";
		};
/* End PBXVariantGroup section */

/* Begin XCBuildConfiguration section */
		E12A6A29274CF86C0026D5AA /* Debug */ = {
			isa = XCBuildConfiguration;
			buildSettings = {
				ALWAYS_SEARCH_USER_PATHS = NO;
				CLANG_ANALYZER_NONNULL = YES;
				CLANG_ANALYZER_NUMBER_OBJECT_CONVERSION = YES_AGGRESSIVE;
				CLANG_CXX_LANGUAGE_STANDARD = "gnu++17";
				CLANG_CXX_LIBRARY = "libc++";
				CLANG_ENABLE_MODULES = YES;
				CLANG_ENABLE_OBJC_ARC = YES;
				CLANG_ENABLE_OBJC_WEAK = YES;
				CLANG_WARN_BLOCK_CAPTURE_AUTORELEASING = YES;
				CLANG_WARN_BOOL_CONVERSION = YES;
				CLANG_WARN_COMMA = YES;
				CLANG_WARN_CONSTANT_CONVERSION = YES;
				CLANG_WARN_DEPRECATED_OBJC_IMPLEMENTATIONS = YES;
				CLANG_WARN_DIRECT_OBJC_ISA_USAGE = YES_ERROR;
				CLANG_WARN_DOCUMENTATION_COMMENTS = YES;
				CLANG_WARN_EMPTY_BODY = YES;
				CLANG_WARN_ENUM_CONVERSION = YES;
				CLANG_WARN_INFINITE_RECURSION = YES;
				CLANG_WARN_INT_CONVERSION = YES;
				CLANG_WARN_NON_LITERAL_NULL_CONVERSION = YES;
				CLANG_WARN_OBJC_IMPLICIT_RETAIN_SELF = YES;
				CLANG_WARN_OBJC_LITERAL_CONVERSION = YES;
				CLANG_WARN_OBJC_ROOT_CLASS = YES_ERROR;
				CLANG_WARN_QUOTED_INCLUDE_IN_FRAMEWORK_HEADER = YES;
				CLANG_WARN_RANGE_LOOP_ANALYSIS = YES;
				CLANG_WARN_STRICT_PROTOTYPES = YES;
				CLANG_WARN_SUSPICIOUS_MOVE = YES;
				CLANG_WARN_UNGUARDED_AVAILABILITY = YES_AGGRESSIVE;
				CLANG_WARN_UNREACHABLE_CODE = YES;
				CLANG_WARN__DUPLICATE_METHOD_MATCH = YES;
				COPY_PHASE_STRIP = NO;
				DEBUG_INFORMATION_FORMAT = dwarf;
				ENABLE_STRICT_OBJC_MSGSEND = YES;
				ENABLE_TESTABILITY = YES;
				GCC_C_LANGUAGE_STANDARD = gnu11;
				GCC_DYNAMIC_NO_PIC = NO;
				GCC_NO_COMMON_BLOCKS = YES;
				GCC_OPTIMIZATION_LEVEL = 0;
				GCC_PREPROCESSOR_DEFINITIONS = (
					"DEBUG=1",
					"$(inherited)",
				);
				GCC_WARN_64_TO_32_BIT_CONVERSION = YES;
				GCC_WARN_ABOUT_RETURN_TYPE = YES_ERROR;
				GCC_WARN_UNDECLARED_SELECTOR = YES;
				GCC_WARN_UNINITIALIZED_AUTOS = YES_AGGRESSIVE;
				GCC_WARN_UNUSED_FUNCTION = YES;
				GCC_WARN_UNUSED_VARIABLE = YES;
				IPHONEOS_DEPLOYMENT_TARGET = 15.0;
				MTL_ENABLE_DEBUG_INFO = INCLUDE_SOURCE;
				MTL_FAST_MATH = YES;
				ONLY_ACTIVE_ARCH = YES;
				SDKROOT = iphoneos;
				SWIFT_ACTIVE_COMPILATION_CONDITIONS = DEBUG;
				SWIFT_OPTIMIZATION_LEVEL = "-Onone";
			};
			name = Debug;
		};
		E12A6A2A274CF86C0026D5AA /* Release */ = {
			isa = XCBuildConfiguration;
			buildSettings = {
				ALWAYS_SEARCH_USER_PATHS = NO;
				CLANG_ANALYZER_NONNULL = YES;
				CLANG_ANALYZER_NUMBER_OBJECT_CONVERSION = YES_AGGRESSIVE;
				CLANG_CXX_LANGUAGE_STANDARD = "gnu++17";
				CLANG_CXX_LIBRARY = "libc++";
				CLANG_ENABLE_MODULES = YES;
				CLANG_ENABLE_OBJC_ARC = YES;
				CLANG_ENABLE_OBJC_WEAK = YES;
				CLANG_WARN_BLOCK_CAPTURE_AUTORELEASING = YES;
				CLANG_WARN_BOOL_CONVERSION = YES;
				CLANG_WARN_COMMA = YES;
				CLANG_WARN_CONSTANT_CONVERSION = YES;
				CLANG_WARN_DEPRECATED_OBJC_IMPLEMENTATIONS = YES;
				CLANG_WARN_DIRECT_OBJC_ISA_USAGE = YES_ERROR;
				CLANG_WARN_DOCUMENTATION_COMMENTS = YES;
				CLANG_WARN_EMPTY_BODY = YES;
				CLANG_WARN_ENUM_CONVERSION = YES;
				CLANG_WARN_INFINITE_RECURSION = YES;
				CLANG_WARN_INT_CONVERSION = YES;
				CLANG_WARN_NON_LITERAL_NULL_CONVERSION = YES;
				CLANG_WARN_OBJC_IMPLICIT_RETAIN_SELF = YES;
				CLANG_WARN_OBJC_LITERAL_CONVERSION = YES;
				CLANG_WARN_OBJC_ROOT_CLASS = YES_ERROR;
				CLANG_WARN_QUOTED_INCLUDE_IN_FRAMEWORK_HEADER = YES;
				CLANG_WARN_RANGE_LOOP_ANALYSIS = YES;
				CLANG_WARN_STRICT_PROTOTYPES = YES;
				CLANG_WARN_SUSPICIOUS_MOVE = YES;
				CLANG_WARN_UNGUARDED_AVAILABILITY = YES_AGGRESSIVE;
				CLANG_WARN_UNREACHABLE_CODE = YES;
				CLANG_WARN__DUPLICATE_METHOD_MATCH = YES;
				COPY_PHASE_STRIP = NO;
				DEBUG_INFORMATION_FORMAT = "dwarf-with-dsym";
				ENABLE_NS_ASSERTIONS = NO;
				ENABLE_STRICT_OBJC_MSGSEND = YES;
				GCC_C_LANGUAGE_STANDARD = gnu11;
				GCC_NO_COMMON_BLOCKS = YES;
				GCC_WARN_64_TO_32_BIT_CONVERSION = YES;
				GCC_WARN_ABOUT_RETURN_TYPE = YES_ERROR;
				GCC_WARN_UNDECLARED_SELECTOR = YES;
				GCC_WARN_UNINITIALIZED_AUTOS = YES_AGGRESSIVE;
				GCC_WARN_UNUSED_FUNCTION = YES;
				GCC_WARN_UNUSED_VARIABLE = YES;
				IPHONEOS_DEPLOYMENT_TARGET = 15.0;
				MTL_ENABLE_DEBUG_INFO = NO;
				MTL_FAST_MATH = YES;
				SDKROOT = iphoneos;
				SWIFT_COMPILATION_MODE = wholemodule;
				SWIFT_OPTIMIZATION_LEVEL = "-O";
				VALIDATE_PRODUCT = YES;
			};
			name = Release;
		};
		E12A6A2C274CF86C0026D5AA /* Debug */ = {
			isa = XCBuildConfiguration;
			buildSettings = {
				CODE_SIGN_STYLE = Automatic;
				CURRENT_PROJECT_VERSION = 1;
				DEVELOPMENT_TEAM = JTCWFB2JUP;
				GENERATE_INFOPLIST_FILE = YES;
				INFOPLIST_FILE = "HelloZhiHu Extension/Info.plist";
				INFOPLIST_KEY_CFBundleDisplayName = "HelloZhiHu Extension";
				INFOPLIST_KEY_NSHumanReadableCopyright = "";
				IPHONEOS_DEPLOYMENT_TARGET = 15.0;
				LD_RUNPATH_SEARCH_PATHS = (
					"$(inherited)",
					"@executable_path/Frameworks",
					"@executable_path/../../Frameworks",
				);
				MARKETING_VERSION = 1.0;
				OTHER_LDFLAGS = (
					"-framework",
					SafariServices,
				);
				PRODUCT_BUNDLE_IDENTIFIER = MuShan.HelloZhiHu.Extension;
				PRODUCT_NAME = "$(TARGET_NAME)";
				SKIP_INSTALL = YES;
				SWIFT_EMIT_LOC_STRINGS = YES;
				SWIFT_VERSION = 5.0;
				TARGETED_DEVICE_FAMILY = "1,2";
			};
			name = Debug;
		};
		E12A6A2D274CF86C0026D5AA /* Release */ = {
			isa = XCBuildConfiguration;
			buildSettings = {
				CODE_SIGN_STYLE = Automatic;
				CURRENT_PROJECT_VERSION = 1;
				DEVELOPMENT_TEAM = JTCWFB2JUP;
				GENERATE_INFOPLIST_FILE = YES;
				INFOPLIST_FILE = "HelloZhiHu Extension/Info.plist";
				INFOPLIST_KEY_CFBundleDisplayName = "HelloZhiHu Extension";
				INFOPLIST_KEY_NSHumanReadableCopyright = "";
				IPHONEOS_DEPLOYMENT_TARGET = 15.0;
				LD_RUNPATH_SEARCH_PATHS = (
					"$(inherited)",
					"@executable_path/Frameworks",
					"@executable_path/../../Frameworks",
				);
				MARKETING_VERSION = 1.0;
				OTHER_LDFLAGS = (
					"-framework",
					SafariServices,
				);
				PRODUCT_BUNDLE_IDENTIFIER = MuShan.HelloZhiHu.Extension;
				PRODUCT_NAME = "$(TARGET_NAME)";
				SKIP_INSTALL = YES;
				SWIFT_EMIT_LOC_STRINGS = YES;
				SWIFT_VERSION = 5.0;
				TARGETED_DEVICE_FAMILY = "1,2";
			};
			name = Release;
		};
		E12A6A30274CF86C0026D5AA /* Debug */ = {
			isa = XCBuildConfiguration;
			buildSettings = {
				ALWAYS_EMBED_SWIFT_STANDARD_LIBRARIES = YES;
				ASSETCATALOG_COMPILER_APPICON_NAME = AppIcon;
				ASSETCATALOG_COMPILER_GLOBAL_ACCENT_COLOR_NAME = AccentColor;
				CODE_SIGN_STYLE = Automatic;
				CURRENT_PROJECT_VERSION = 1;
				DEVELOPMENT_TEAM = JTCWFB2JUP;
				GENERATE_INFOPLIST_FILE = YES;
				INFOPLIST_FILE = HelloZhiHu/Info.plist;
				INFOPLIST_KEY_CFBundleDisplayName = HelloZhiHu;
				INFOPLIST_KEY_UIApplicationSupportsIndirectInputEvents = YES;
				INFOPLIST_KEY_UILaunchStoryboardName = LaunchScreen;
				INFOPLIST_KEY_UIMainStoryboardFile = Main;
				INFOPLIST_KEY_UISupportedInterfaceOrientations_iPad = "UIInterfaceOrientationPortrait UIInterfaceOrientationPortraitUpsideDown UIInterfaceOrientationLandscapeLeft UIInterfaceOrientationLandscapeRight";
				INFOPLIST_KEY_UISupportedInterfaceOrientations_iPhone = "UIInterfaceOrientationPortrait UIInterfaceOrientationLandscapeLeft UIInterfaceOrientationLandscapeRight";
				IPHONEOS_DEPLOYMENT_TARGET = 15.0;
				LD_RUNPATH_SEARCH_PATHS = (
					"$(inherited)",
					"@executable_path/Frameworks",
				);
				MARKETING_VERSION = 1.0;
				OTHER_LDFLAGS = (
					"-framework",
					SafariServices,
					"-framework",
					WebKit,
				);
				PRODUCT_BUNDLE_IDENTIFIER = MuShan.HelloZhiHu;
				PRODUCT_NAME = "$(TARGET_NAME)";
				SWIFT_EMIT_LOC_STRINGS = YES;
				SWIFT_VERSION = 5.0;
				TARGETED_DEVICE_FAMILY = "1,2";
			};
			name = Debug;
		};
		E12A6A31274CF86C0026D5AA /* Release */ = {
			isa = XCBuildConfiguration;
			buildSettings = {
				ALWAYS_EMBED_SWIFT_STANDARD_LIBRARIES = YES;
				ASSETCATALOG_COMPILER_APPICON_NAME = AppIcon;
				ASSETCATALOG_COMPILER_GLOBAL_ACCENT_COLOR_NAME = AccentColor;
				CODE_SIGN_STYLE = Automatic;
				CURRENT_PROJECT_VERSION = 1;
				DEVELOPMENT_TEAM = JTCWFB2JUP;
				GENERATE_INFOPLIST_FILE = YES;
				INFOPLIST_FILE = HelloZhiHu/Info.plist;
				INFOPLIST_KEY_CFBundleDisplayName = HelloZhiHu;
				INFOPLIST_KEY_UIApplicationSupportsIndirectInputEvents = YES;
				INFOPLIST_KEY_UILaunchStoryboardName = LaunchScreen;
				INFOPLIST_KEY_UIMainStoryboardFile = Main;
				INFOPLIST_KEY_UISupportedInterfaceOrientations_iPad = "UIInterfaceOrientationPortrait UIInterfaceOrientationPortraitUpsideDown UIInterfaceOrientationLandscapeLeft UIInterfaceOrientationLandscapeRight";
				INFOPLIST_KEY_UISupportedInterfaceOrientations_iPhone = "UIInterfaceOrientationPortrait UIInterfaceOrientationLandscapeLeft UIInterfaceOrientationLandscapeRight";
				IPHONEOS_DEPLOYMENT_TARGET = 15.0;
				LD_RUNPATH_SEARCH_PATHS = (
					"$(inherited)",
					"@executable_path/Frameworks",
				);
				MARKETING_VERSION = 1.0;
				OTHER_LDFLAGS = (
					"-framework",
					SafariServices,
					"-framework",
					WebKit,
				);
				PRODUCT_BUNDLE_IDENTIFIER = MuShan.HelloZhiHu;
				PRODUCT_NAME = "$(TARGET_NAME)";
				SWIFT_EMIT_LOC_STRINGS = YES;
				SWIFT_VERSION = 5.0;
				TARGETED_DEVICE_FAMILY = "1,2";
			};
			name = Release;
		};
		E12A6A33274CF86C0026D5AA /* Debug */ = {
			isa = XCBuildConfiguration;
			buildSettings = {
				ALWAYS_EMBED_SWIFT_STANDARD_LIBRARIES = YES;
				BUNDLE_LOADER = "$(TEST_HOST)";
				CODE_SIGN_STYLE = Automatic;
				CURRENT_PROJECT_VERSION = 1;
				DEVELOPMENT_TEAM = JTCWFB2JUP;
				GENERATE_INFOPLIST_FILE = YES;
				IPHONEOS_DEPLOYMENT_TARGET = 15.0;
				LD_RUNPATH_SEARCH_PATHS = (
					"$(inherited)",
					"@executable_path/Frameworks",
					"@loader_path/Frameworks",
				);
				MARKETING_VERSION = 1.0;
				PRODUCT_BUNDLE_IDENTIFIER = MuShan.HelloZhiHuTests;
				PRODUCT_NAME = "$(TARGET_NAME)";
				SWIFT_EMIT_LOC_STRINGS = NO;
				SWIFT_VERSION = 5.0;
				TARGETED_DEVICE_FAMILY = "1,2";
				TEST_HOST = "$(BUILT_PRODUCTS_DIR)/HelloZhiHu.app/HelloZhiHu";
			};
			name = Debug;
		};
		E12A6A34274CF86C0026D5AA /* Release */ = {
			isa = XCBuildConfiguration;
			buildSettings = {
				ALWAYS_EMBED_SWIFT_STANDARD_LIBRARIES = YES;
				BUNDLE_LOADER = "$(TEST_HOST)";
				CODE_SIGN_STYLE = Automatic;
				CURRENT_PROJECT_VERSION = 1;
				DEVELOPMENT_TEAM = JTCWFB2JUP;
				GENERATE_INFOPLIST_FILE = YES;
				IPHONEOS_DEPLOYMENT_TARGET = 15.0;
				LD_RUNPATH_SEARCH_PATHS = (
					"$(inherited)",
					"@executable_path/Frameworks",
					"@loader_path/Frameworks",
				);
				MARKETING_VERSION = 1.0;
				PRODUCT_BUNDLE_IDENTIFIER = MuShan.HelloZhiHuTests;
				PRODUCT_NAME = "$(TARGET_NAME)";
				SWIFT_EMIT_LOC_STRINGS = NO;
				SWIFT_VERSION = 5.0;
				TARGETED_DEVICE_FAMILY = "1,2";
				TEST_HOST = "$(BUILT_PRODUCTS_DIR)/HelloZhiHu.app/HelloZhiHu";
			};
			name = Release;
		};
		E12A6A36274CF86C0026D5AA /* Debug */ = {
			isa = XCBuildConfiguration;
			buildSettings = {
				ALWAYS_EMBED_SWIFT_STANDARD_LIBRARIES = YES;
				CODE_SIGN_STYLE = Automatic;
				CURRENT_PROJECT_VERSION = 1;
				DEVELOPMENT_TEAM = JTCWFB2JUP;
				GENERATE_INFOPLIST_FILE = YES;
				LD_RUNPATH_SEARCH_PATHS = (
					"$(inherited)",
					"@executable_path/Frameworks",
					"@loader_path/Frameworks",
				);
				MARKETING_VERSION = 1.0;
				PRODUCT_BUNDLE_IDENTIFIER = MuShan.HelloZhiHuUITests;
				PRODUCT_NAME = "$(TARGET_NAME)";
				SWIFT_EMIT_LOC_STRINGS = NO;
				SWIFT_VERSION = 5.0;
				TARGETED_DEVICE_FAMILY = "1,2";
				TEST_TARGET_NAME = HelloZhiHu;
			};
			name = Debug;
		};
		E12A6A37274CF86C0026D5AA /* Release */ = {
			isa = XCBuildConfiguration;
			buildSettings = {
				ALWAYS_EMBED_SWIFT_STANDARD_LIBRARIES = YES;
				CODE_SIGN_STYLE = Automatic;
				CURRENT_PROJECT_VERSION = 1;
				DEVELOPMENT_TEAM = JTCWFB2JUP;
				GENERATE_INFOPLIST_FILE = YES;
				LD_RUNPATH_SEARCH_PATHS = (
					"$(inherited)",
					"@executable_path/Frameworks",
					"@loader_path/Frameworks",
				);
				MARKETING_VERSION = 1.0;
				PRODUCT_BUNDLE_IDENTIFIER = MuShan.HelloZhiHuUITests;
				PRODUCT_NAME = "$(TARGET_NAME)";
				SWIFT_EMIT_LOC_STRINGS = NO;
				SWIFT_VERSION = 5.0;
				TARGETED_DEVICE_FAMILY = "1,2";
				TEST_TARGET_NAME = HelloZhiHu;
			};
			name = Release;
		};
/* End XCBuildConfiguration section */

/* Begin XCConfigurationList section */
		E12A69D7274CF8690026D5AA /* Build configuration list for PBXProject "HelloZhiHu" */ = {
			isa = XCConfigurationList;
			buildConfigurations = (
				E12A6A29274CF86C0026D5AA /* Debug */,
				E12A6A2A274CF86C0026D5AA /* Release */,
			);
			defaultConfigurationIsVisible = 0;
			defaultConfigurationName = Release;
		};
		E12A6A2B274CF86C0026D5AA /* Build configuration list for PBXNativeTarget "HelloZhiHu Extension" */ = {
			isa = XCConfigurationList;
			buildConfigurations = (
				E12A6A2C274CF86C0026D5AA /* Debug */,
				E12A6A2D274CF86C0026D5AA /* Release */,
			);
			defaultConfigurationIsVisible = 0;
			defaultConfigurationName = Release;
		};
		E12A6A2F274CF86C0026D5AA /* Build configuration list for PBXNativeTarget "HelloZhiHu" */ = {
			isa = XCConfigurationList;
			buildConfigurations = (
				E12A6A30274CF86C0026D5AA /* Debug */,
				E12A6A31274CF86C0026D5AA /* Release */,
			);
			defaultConfigurationIsVisible = 0;
			defaultConfigurationName = Release;
		};
		E12A6A32274CF86C0026D5AA /* Build configuration list for PBXNativeTarget "HelloZhiHuTests" */ = {
			isa = XCConfigurationList;
			buildConfigurations = (
				E12A6A33274CF86C0026D5AA /* Debug */,
				E12A6A34274CF86C0026D5AA /* Release */,
			);
			defaultConfigurationIsVisible = 0;
			defaultConfigurationName = Release;
		};
		E12A6A35274CF86C0026D5AA /* Build configuration list for PBXNativeTarget "HelloZhiHuUITests" */ = {
			isa = XCConfigurationList;
			buildConfigurations = (
				E12A6A36274CF86C0026D5AA /* Debug */,
				E12A6A37274CF86C0026D5AA /* Release */,
			);
			defaultConfigurationIsVisible = 0;
			defaultConfigurationName = Release;
		};
/* End XCConfigurationList section */
	};
	rootObject = E12A69D4274CF8690026D5AA /* Project object */;
}
